
Microsoft Visual Studio Solution File, Format Version 12.00
# Visual Studio 15
Project("{FAE04EC0-301F-11D3-BF4B-00C04F79EFBC}") = "UniHumanoid", "UniHumanoid.csproj", "{D4219D30-F7FC-61B4-07CA-41C745E2EC1B}"
EndProject
Project("{FAE04EC0-301F-11D3-BF4B-00C04F79EFBC}") = "SpringBoneJobs", "SpringBoneJobs.csproj", "{B7A41C41-745A-B645-4192-03E2ED353CB8}"
EndProject
Project("{FAE04EC0-301F-11D3-BF4B-00C04F79EFBC}") = "UniGLTF.Editor", "UniGLTF.Editor.csproj", "{9F1D97FF-BF67-6CB3-575E-1F5ECB274DC4}"
EndProject
Project("{FAE04EC0-301F-11D3-BF4B-00C04F79EFBC}") = "UniGLTF", "UniGLTF.csproj", "{69A0AC69-51A0-1E90-4A45-0CFF0851B81B}"
EndProject
Project("{FAE04EC0-301F-11D3-BF4B-00C04F79EFBC}") = "VRM", "VRM.csproj", "{C69DD6F4-D569-A6B7-3A86-6DA1791525C7}"
EndProject
Project("{FAE04EC0-301F-11D3-BF4B-00C04F79EFBC}") = "UniGLTF.Tests", "UniGLTF.Tests.csproj", "{D6B2462D-CB62-9D4B-466E-097761A14847}"
EndProject
Project("{FAE04EC0-301F-11D3-BF4B-00C04F79EFBC}") = "MToon", "MToon.csproj", "{C8E4BD31-09CA-41C0-CE1A-335B21CE7F27}"
EndProject
Project("{FAE04EC0-301F-11D3-BF4B-00C04F79EFBC}") = "UniVRM.Editor", "UniVRM.Editor.csproj", "{14830843-B012-03B9-C314-842AE578887F}"
EndProject
Project("{FAE04EC0-301F-11D3-BF4B-00C04F79EFBC}") = "VRM.Tests", "VRM.Tests.csproj", "{CD2CA31C-2C25-F2E3-BF6D-ED23183DC645}"
EndProject
Project("{FAE04EC0-301F-11D3-BF4B-00C04F79EFBC}") = "MToon.Editor", "MToon.Editor.csproj", "{AB84FB9D-D23F-7107-5B93-7D70197D6EAC}"
EndProject
Project("{FAE04EC0-301F-11D3-BF4B-00C04F79EFBC}") = "UniHumanoid.Editor", "UniHumanoid.Editor.csproj", "{2B97FA71-D7E0-12FD-5669-EDC18C1965F2}"
EndProject
Project("{FAE04EC0-301F-11D3-BF4B-00C04F79EFBC}") = "VRM.Samples.Editor.Tests", "VRM.Samples.Editor.Tests.csproj", "{F148421B-9F8E-D529-B4FF-3AF9B4237862}"
EndProject
Project("{FAE04EC0-301F-11D3-BF4B-00C04F79EFBC}") = "UniGLTF.UniUnlit", "UniGLTF.UniUnlit.csproj", "{AB3FE4A4-97B0-C081-3086-F43F74EECB4B}"
EndProject
Project("{FAE04EC0-301F-11D3-BF4B-00C04F79EFBC}") = "UniHumanoid.Editor.Tests", "UniHumanoid.Editor.Tests.csproj", "{1A1D7745-0076-396F-68A8-9F3C4E6BDFC9}"
EndProject
Project("{FAE04EC0-301F-11D3-BF4B-00C04F79EFBC}") = "UniGLTF.UniUnlit.Editor", "UniGLTF.UniUnlit.Editor.csproj", "{F17C3F12-8313-873A-4A89-419DCEA53BA7}"
EndProject
Project("{FAE04EC0-301F-11D3-BF4B-00C04F79EFBC}") = "UniGLTF.Utils", "UniGLTF.Utils.csproj", "{65FD6F1A-8A37-4C2D-7B01-FD0BC1B57362}"
EndProject
Project("{FAE04EC0-301F-11D3-BF4B-00C04F79EFBC}") = "Assembly-CSharp", "Assembly-CSharp.csproj", "{7F3CA990-1A49-CD40-0B11-06B404D82586}"
EndProject
Global
	GlobalSection(SolutionConfigurationPlatforms) = preSolution
		Debug|Any CPU = Debug|Any CPU
		Release|Any CPU = Release|Any CPU
	EndGlobalSection
	GlobalSection(ProjectConfigurationPlatforms) = postSolution
		{D4219D30-F7FC-61B4-07CA-41C745E2EC1B}.Debug|Any CPU.ActiveCfg = Debug|Any CPU
		{D4219D30-F7FC-61B4-07CA-41C745E2EC1B}.Debug|Any CPU.Build.0 = Debug|Any CPU
		{D4219D30-F7FC-61B4-07CA-41C745E2EC1B}.Release|Any CPU.ActiveCfg = Release|Any CPU
		{D4219D30-F7FC-61B4-07CA-41C745E2EC1B}.Release|Any CPU.Build.0 = Release|Any CPU
		{B7A41C41-745A-B645-4192-03E2ED353CB8}.Debug|Any CPU.ActiveCfg = Debug|Any CPU
		{B7A41C41-745A-B645-4192-03E2ED353CB8}.Debug|Any CPU.Build.0 = Debug|Any CPU
		{B7A41C41-745A-B645-4192-03E2ED353CB8}.Release|Any CPU.ActiveCfg = Release|Any CPU
		{B7A41C41-745A-B645-4192-03E2ED353CB8}.Release|Any CPU.Build.0 = Release|Any CPU
		{9F1D97FF-BF67-6CB3-575E-1F5ECB274DC4}.Debug|Any CPU.ActiveCfg = Debug|Any CPU
		{9F1D97FF-BF67-6CB3-575E-1F5ECB274DC4}.Debug|Any CPU.Build.0 = Debug|Any CPU
		{9F1D97FF-BF67-6CB3-575E-1F5ECB274DC4}.Release|Any CPU.ActiveCfg = Release|Any CPU
		{9F1D97FF-BF67-6CB3-575E-1F5ECB274DC4}.Release|Any CPU.Build.0 = Release|Any CPU
		{69A0AC69-51A0-1E90-4A45-0CFF0851B81B}.Debug|Any CPU.ActiveCfg = Debug|Any CPU
		{69A0AC69-51A0-1E90-4A45-0CFF0851B81B}.Debug|Any CPU.Build.0 = Debug|Any CPU
		{69A0AC69-51A0-1E90-4A45-0CFF0851B81B}.Release|Any CPU.ActiveCfg = Release|Any CPU
		{69A0AC69-51A0-1E90-4A45-0CFF0851B81B}.Release|Any CPU.Build.0 = Release|Any CPU
		{C69DD6F4-D569-A6B7-3A86-6DA1791525C7}.Debug|Any CPU.ActiveCfg = Debug|Any CPU
		{C69DD6F4-D569-A6B7-3A86-6DA1791525C7}.Debug|Any CPU.Build.0 = Debug|Any CPU
		{C69DD6F4-D569-A6B7-3A86-6DA1791525C7}.Release|Any CPU.ActiveCfg = Release|Any CPU
		{C69DD6F4-D569-A6B7-3A86-6DA1791525C7}.Release|Any CPU.Build.0 = Release|Any CPU
		{D6B2462D-CB62-9D4B-466E-097761A14847}.Debug|Any CPU.ActiveCfg = Debug|Any CPU
		{D6B2462D-CB62-9D4B-466E-097761A14847}.Debug|Any CPU.Build.0 = Debug|Any CPU
		{D6B2462D-CB62-9D4B-466E-097761A14847}.Release|Any CPU.ActiveCfg = Release|Any CPU
		{D6B2462D-CB62-9D4B-466E-097761A14847}.Release|Any CPU.Build.0 = Release|Any CPU
		{C8E4BD31-09CA-41C0-CE1A-335B21CE7F27}.Debug|Any CPU.ActiveCfg = Debug|Any CPU
		{C8E4BD31-09CA-41C0-CE1A-335B21CE7F27}.Debug|Any CPU.Build.0 = Debug|Any CPU
		{C8E4BD31-09CA-41C0-CE1A-335B21CE7F27}.Release|Any CPU.ActiveCfg = Release|Any CPU
		{C8E4BD31-09CA-41C0-CE1A-335B21CE7F27}.Release|Any CPU.Build.0 = Release|Any CPU
		{14830843-B012-03B9-C314-842AE578887F}.Debug|Any CPU.ActiveCfg = Debug|Any CPU
		{14830843-B012-03B9-C314-842AE578887F}.Debug|Any CPU.Build.0 = Debug|Any CPU
		{14830843-B012-03B9-C314-842AE578887F}.Release|Any CPU.ActiveCfg = Release|Any CPU
		{14830843-B012-03B9-C314-842AE578887F}.Release|Any CPU.Build.0 = Release|Any CPU
		{CD2CA31C-2C25-F2E3-BF6D-ED23183DC645}.Debug|Any CPU.ActiveCfg = Debug|Any CPU
		{CD2CA31C-2C25-F2E3-BF6D-ED23183DC645}.Debug|Any CPU.Build.0 = Debug|Any CPU
		{CD2CA31C-2C25-F2E3-BF6D-ED23183DC645}.Release|Any CPU.ActiveCfg = Release|Any CPU
		{CD2CA31C-2C25-F2E3-BF6D-ED23183DC645}.Release|Any CPU.Build.0 = Release|Any CPU
		{AB84FB9D-D23F-7107-5B93-7D70197D6EAC}.Debug|Any CPU.ActiveCfg = Debug|Any CPU
		{AB84FB9D-D23F-7107-5B93-7D70197D6EAC}.Debug|Any CPU.Build.0 = Debug|Any CPU
		{AB84FB9D-D23F-7107-5B93-7D70197D6EAC}.Release|Any CPU.ActiveCfg = Release|Any CPU
		{AB84FB9D-D23F-7107-5B93-7D70197D6EAC}.Release|Any CPU.Build.0 = Release|Any CPU
		{2B97FA71-D7E0-12FD-5669-EDC18C1965F2}.Debug|Any CPU.ActiveCfg = Debug|Any CPU
		{2B97FA71-D7E0-12FD-5669-EDC18C1965F2}.Debug|Any CPU.Build.0 = Debug|Any CPU
		{2B97FA71-D7E0-12FD-5669-EDC18C1965F2}.Release|Any CPU.ActiveCfg = Release|Any CPU
		{2B97FA71-D7E0-12FD-5669-EDC18C1965F2}.Release|Any CPU.Build.0 = Release|Any CPU
		{F148421B-9F8E-D529-B4FF-3AF9B4237862}.Debug|Any CPU.ActiveCfg = Debug|Any CPU
		{F148421B-9F8E-D529-B4FF-3AF9B4237862}.Debug|Any CPU.Build.0 = Debug|Any CPU
		{F148421B-9F8E-D529-B4FF-3AF9B4237862}.Release|Any CPU.ActiveCfg = Release|Any CPU
		{F148421B-9F8E-D529-B4FF-3AF9B4237862}.Release|Any CPU.Build.0 = Release|Any CPU
		{AB3FE4A4-97B0-C081-3086-F43F74EECB4B}.Debug|Any CPU.ActiveCfg = Debug|Any CPU
		{AB3FE4A4-97B0-C081-3086-F43F74EECB4B}.Debug|Any CPU.Build.0 = Debug|Any CPU
		{AB3FE4A4-97B0-C081-3086-F43F74EECB4B}.Release|Any CPU.ActiveCfg = Release|Any CPU
		{AB3FE4A4-97B0-C081-3086-F43F74EECB4B}.Release|Any CPU.Build.0 = Release|Any CPU
		{1A1D7745-0076-396F-68A8-9F3C4E6BDFC9}.Debug|Any CPU.ActiveCfg = Debug|Any CPU
		{1A1D7745-0076-396F-68A8-9F3C4E6BDFC9}.Debug|Any CPU.Build.0 = Debug|Any CPU
		{1A1D7745-0076-396F-68A8-9F3C4E6BDFC9}.Release|Any CPU.ActiveCfg = Release|Any CPU
		{1A1D7745-0076-396F-68A8-9F3C4E6BDFC9}.Release|Any CPU.Build.0 = Release|Any CPU
		{F17C3F12-8313-873A-4A89-419DCEA53BA7}.Debug|Any CPU.ActiveCfg = Debug|Any CPU
		{F17C3F12-8313-873A-4A89-419DCEA53BA7}.Debug|Any CPU.Build.0 = Debug|Any CPU
		{F17C3F12-8313-873A-4A89-419DCEA53BA7}.Release|Any CPU.ActiveCfg = Release|Any CPU
		{F17C3F12-8313-873A-4A89-419DCEA53BA7}.Release|Any CPU.Build.0 = Release|Any CPU
		{65FD6F1A-8A37-4C2D-7B01-FD0BC1B57362}.Debug|Any CPU.ActiveCfg = Debug|Any CPU
		{65FD6F1A-8A37-4C2D-7B01-FD0BC1B57362}.Debug|Any CPU.Build.0 = Debug|Any CPU
		{65FD6F1A-8A37-4C2D-7B01-FD0BC1B57362}.Release|Any CPU.ActiveCfg = Release|Any CPU
		{65FD6F1A-8A37-4C2D-7B01-FD0BC1B57362}.Release|Any CPU.Build.0 = Release|Any CPU
		{7F3CA990-1A49-CD40-0B11-06B404D82586}.Debug|Any CPU.ActiveCfg = Debug|Any CPU
		{7F3CA990-1A49-CD40-0B11-06B404D82586}.Debug|Any CPU.Build.0 = Debug|Any CPU
		{7F3CA990-1A49-CD40-0B11-06B404D82586}.Release|Any CPU.ActiveCfg = Release|Any CPU
		{7F3CA990-1A49-CD40-0B11-06B404D82586}.Release|Any CPU.Build.0 = Release|Any CPU
	EndGlobalSection
	GlobalSection(SolutionProperties) = preSolution
		HideSolutionNode = FALSE
	EndGlobalSection
EndGlobal
